
Microsoft Visual Studio Solution File, Format Version 12.00
# Visual Studio Express 2012 for Web
Project("{FAE04EC0-301F-11D3-BF4B-00C04F79EFBC}") = "MultiMines", "MultiMines\MultiMines.csproj", "{6BC82781-22B7-4AF9-BE07-2574C78CBE9A}"
EndProject
Project("{FAE04EC0-301F-11D3-BF4B-00C04F79EFBC}") = "MultiMinesTest", "MultiMinesTest\MultiMinesTest.csproj", "{0F0435CD-6684-431B-B3D0-71D7E1B60C85}"
EndProject
Global
	GlobalSection(SolutionConfigurationPlatforms) = preSolution
		Debug|Any CPU = Debug|Any CPU
		Release|Any CPU = Release|Any CPU
	EndGlobalSection
	GlobalSection(ProjectConfigurationPlatforms) = postSolution
		{6BC82781-22B7-4AF9-BE07-2574C78CBE9A}.Debug|Any CPU.ActiveCfg = Debug|Any CPU
		{6BC82781-22B7-4AF9-BE07-2574C78CBE9A}.Debug|Any CPU.Build.0 = Debug|Any CPU
		{6BC82781-22B7-4AF9-BE07-2574C78CBE9A}.Release|Any CPU.ActiveCfg = Release|Any CPU
		{6BC82781-22B7-4AF9-BE07-2574C78CBE9A}.Release|Any CPU.Build.0 = Release|Any CPU
		{0F0435CD-6684-431B-B3D0-71D7E1B60C85}.Debug|Any CPU.ActiveCfg = Debug|Any CPU
		{0F0435CD-6684-431B-B3D0-71D7E1B60C85}.Debug|Any CPU.Build.0 = Debug|Any CPU
		{0F0435CD-6684-431B-B3D0-71D7E1B60C85}.Release|Any CPU.ActiveCfg = Release|Any CPU
		{0F0435CD-6684-431B-B3D0-71D7E1B60C85}.Release|Any CPU.Build.0 = Release|Any CPU
	EndGlobalSection
	GlobalSection(SolutionProperties) = preSolution
		HideSolutionNode = FALSE
	EndGlobalSection
EndGlobal
